# THIS IS AN AUTOGENERATED FILE. DO NOT EDIT THIS FILE DIRECTLY.
# yarn lockfile v1


uikit@^3.0.4-dev.65541ba57:
  version "3.0.4-dev.65541ba57"
  resolved "https://registry.yarnpkg.com/uikit/-/uikit-3.0.4-dev.65541ba57.tgz#bb61f286255d70294b7f5c80ab9f6e6417a0bc7b"
  integrity sha512-Fupo8jxlyhdlX3bGaOhYRl/LUTuqmaEaa/hjylAH9QovKfF0LR8GEeax5T5MD7QBEWT9NgPpDfvE0stuFjLtQA==
